
Microsoft Visual Studio Solution File, Format Version 12.00
# Visual Studio Version 17
VisualStudioVersion = 17.2.32616.157
MinimumVisualStudioVersion = 10.0.40219.1
Project("{FAE04EC0-301F-11D3-BF4B-00C04F79EFBC}") = "Users Service", "Users Service\Users Service.csproj", "{3997DC9A-0517-4CD6-BAAF-430DD5AA0656}"
EndProject
Project("{FAE04EC0-301F-11D3-BF4B-00C04F79EFBC}") = "API Gateway", "API Gateway\API Gateway.csproj", "{D15AB684-72A1-406C-B814-6BB55F476134}"
EndProject
Global
	GlobalSection(SolutionConfigurationPlatforms) = preSolution
		Debug|Any CPU = Debug|Any CPU
		Release|Any CPU = Release|Any CPU
	EndGlobalSection
	GlobalSection(ProjectConfigurationPlatforms) = postSolution
		{3997DC9A-0517-4CD6-BAAF-430DD5AA0656}.Debug|Any CPU.ActiveCfg = Debug|Any CPU
		{3997DC9A-0517-4CD6-BAAF-430DD5AA0656}.Debug|Any CPU.Build.0 = Debug|Any CPU
		{3997DC9A-0517-4CD6-BAAF-430DD5AA0656}.Release|Any CPU.ActiveCfg = Release|Any CPU
		{3997DC9A-0517-4CD6-BAAF-430DD5AA0656}.Release|Any CPU.Build.0 = Release|Any CPU
		{D15AB684-72A1-406C-B814-6BB55F476134}.Debug|Any CPU.ActiveCfg = Debug|Any CPU
		{D15AB684-72A1-406C-B814-6BB55F476134}.Debug|Any CPU.Build.0 = Debug|Any CPU
		{D15AB684-72A1-406C-B814-6BB55F476134}.Release|Any CPU.ActiveCfg = Release|Any CPU
		{D15AB684-72A1-406C-B814-6BB55F476134}.Release|Any CPU.Build.0 = Release|Any CPU
	EndGlobalSection
	GlobalSection(SolutionProperties) = preSolution
		HideSolutionNode = FALSE
	EndGlobalSection
	GlobalSection(ExtensibilityGlobals) = postSolution
		SolutionGuid = {F58B0455-C371-4EE4-8D46-436C53FF948D}
	EndGlobalSection
EndGlobal
